<?xml version="1.0" encoding="utf-8"?>
<Solution>
  <Folder Name="/src/">
    <Project Path="src\Bff.API\Bff.API.csproj" />
    <Project Path="src\Bff.Core\Bff.Core.csproj" />
    <Project Path="src\Bff.Infrastructure\Bff.Infrastructure.csproj" />
  </Folder>
  <Folder Name="/tests/">
    <Project Path="tests\Bff.Tests\Bff.Tests.csproj" />
  </Folder>
</Solution>